
Microsoft Visual Studio Solution File, Format Version 12.00
# Visual Studio Version 17
VisualStudioVersion = 17.2.32505.173
MinimumVisualStudioVersion = 10.0.40219.1
Project("{FAE04EC0-301F-11D3-BF4B-00C04F79EFBC}") = "BaseEcommerce.Data", "BaseEcommerce.Data\BaseEcommerce.Data.csproj", "{E3024B40-D47A-4D3B-AA56-ED25A61D2946}"
EndProject
Project("{FAE04EC0-301F-11D3-BF4B-00C04F79EFBC}") = "BaseEcommerce.Core", "BaseEcommerce.Core\BaseEcommerce.Core.csproj", "{5DE55547-95BD-40AB-8869-6A82391D1EA7}"
EndProject
Project("{FAE04EC0-301F-11D3-BF4B-00C04F79EFBC}") = "BaseEcommerce.Entitites", "BaseEcommerce.Entitites\BaseEcommerce.Entitites.csproj", "{29701027-177E-4B1D-8B21-454FA53A57D7}"
EndProject
Project("{FAE04EC0-301F-11D3-BF4B-00C04F79EFBC}") = "BaseEcommerce.Business", "BaseEcommerce.Business\BaseEcommerce.Business.csproj", "{3C55CA14-2DBF-4CA3-8CD3-FC47473F74D2}"
EndProject
Project("{FAE04EC0-301F-11D3-BF4B-00C04F79EFBC}") = "BaseEcommerce.WebUI", "BaseEcommerce.WebUI\BaseEcommerce.WebUI.csproj", "{24BBEBAE-D49D-4C19-8BD7-466C672EB7B3}"
EndProject
Global
	GlobalSection(SolutionConfigurationPlatforms) = preSolution
		Debug|Any CPU = Debug|Any CPU
		Release|Any CPU = Release|Any CPU
	EndGlobalSection
	GlobalSection(ProjectConfigurationPlatforms) = postSolution
		{E3024B40-D47A-4D3B-AA56-ED25A61D2946}.Debug|Any CPU.ActiveCfg = Debug|Any CPU
		{E3024B40-D47A-4D3B-AA56-ED25A61D2946}.Debug|Any CPU.Build.0 = Debug|Any CPU
		{E3024B40-D47A-4D3B-AA56-ED25A61D2946}.Release|Any CPU.ActiveCfg = Release|Any CPU
		{E3024B40-D47A-4D3B-AA56-ED25A61D2946}.Release|Any CPU.Build.0 = Release|Any CPU
		{5DE55547-95BD-40AB-8869-6A82391D1EA7}.Debug|Any CPU.ActiveCfg = Debug|Any CPU
		{5DE55547-95BD-40AB-8869-6A82391D1EA7}.Debug|Any CPU.Build.0 = Debug|Any CPU
		{5DE55547-95BD-40AB-8869-6A82391D1EA7}.Release|Any CPU.ActiveCfg = Release|Any CPU
		{5DE55547-95BD-40AB-8869-6A82391D1EA7}.Release|Any CPU.Build.0 = Release|Any CPU
		{29701027-177E-4B1D-8B21-454FA53A57D7}.Debug|Any CPU.ActiveCfg = Debug|Any CPU
		{29701027-177E-4B1D-8B21-454FA53A57D7}.Debug|Any CPU.Build.0 = Debug|Any CPU
		{29701027-177E-4B1D-8B21-454FA53A57D7}.Release|Any CPU.ActiveCfg = Release|Any CPU
		{29701027-177E-4B1D-8B21-454FA53A57D7}.Release|Any CPU.Build.0 = Release|Any CPU
		{3C55CA14-2DBF-4CA3-8CD3-FC47473F74D2}.Debug|Any CPU.ActiveCfg = Debug|Any CPU
		{3C55CA14-2DBF-4CA3-8CD3-FC47473F74D2}.Debug|Any CPU.Build.0 = Debug|Any CPU
		{3C55CA14-2DBF-4CA3-8CD3-FC47473F74D2}.Release|Any CPU.ActiveCfg = Release|Any CPU
		{3C55CA14-2DBF-4CA3-8CD3-FC47473F74D2}.Release|Any CPU.Build.0 = Release|Any CPU
		{24BBEBAE-D49D-4C19-8BD7-466C672EB7B3}.Debug|Any CPU.ActiveCfg = Debug|Any CPU
		{24BBEBAE-D49D-4C19-8BD7-466C672EB7B3}.Debug|Any CPU.Build.0 = Debug|Any CPU
		{24BBEBAE-D49D-4C19-8BD7-466C672EB7B3}.Release|Any CPU.ActiveCfg = Release|Any CPU
		{24BBEBAE-D49D-4C19-8BD7-466C672EB7B3}.Release|Any CPU.Build.0 = Release|Any CPU
	EndGlobalSection
	GlobalSection(SolutionProperties) = preSolution
		HideSolutionNode = FALSE
	EndGlobalSection
	GlobalSection(ExtensibilityGlobals) = postSolution
		SolutionGuid = {72983E64-D215-4BEF-B095-034125FEB612}
	EndGlobalSection
EndGlobal
